// !$*UTF8*$!
{
	archiveVersion = 1;
	classes = {
	};
	objectVersion = 46;
	objects = {

/* Begin PBXBuildFile section */
		B4B051171773AD3900A97A60 /* MapViewController.m in Sources */ = {isa = PBXBuildFile; fileRef = B4B051151773AD3900A97A60 /* MapViewController.m */; };
		B4B051181773AD3900A97A60 /* MapViewController.xib in Resources */ = {isa = PBXBuildFile; fileRef = B4B051161773AD3900A97A60 /* MapViewController.xib */; };
		B4B0511B1773AF2B00A97A60 /* LocationManager.m in Sources */ = {isa = PBXBuildFile; fileRef = B4B0511A1773AF2B00A97A60 /* LocationManager.m */; };
		B4B0511D1773B3AA00A97A60 /* Icon.png in Resources */ = {isa = PBXBuildFile; fileRef = B4B0511C1773B3AA00A97A60 /* Icon.png */; };
		B4B0511F1773B3AC00A97A60 /* Icon@2x.png in Resources */ = {isa = PBXBuildFile; fileRef = B4B0511E1773B3AC00A97A60 /* Icon@2x.png */; };
		B4FD82581773A3650063B76D /* UIKit.framework in Frameworks */ = {isa = PBXBuildFile; fileRef = B4FD82571773A3650063B76D /* UIKit.framework */; };
		B4FD825A1773A3650063B76D /* Foundation.framework in Frameworks */ = {isa = PBXBuildFile; fileRef = B4FD82591773A3650063B76D /* Foundation.framework */; };
		B4FD825C1773A3650063B76D /* CoreGraphics.framework in Frameworks */ = {isa = PBXBuildFile; fileRef = B4FD825B1773A3650063B76D /* CoreGraphics.framework */; };
		B4FD82651773A3650063B76D /* ZenitAPIClient.m in Sources */ = {isa = PBXBuildFile; fileRef = B4FD82641773A3650063B76D /* ZenitAPIClient.m */; };
		B4FD82691773A3650063B76D /* InfoPlist.strings in Resources */ = {isa = PBXBuildFile; fileRef = B4FD82671773A3650063B76D /* InfoPlist.strings */; };
		B4FD826B1773A3650063B76D /* main.m in Sources */ = {isa = PBXBuildFile; fileRef = B4FD826A1773A3650063B76D /* main.m */; };
		B4FD826E1773A3650063B76D /* AppDelegate.m in Sources */ = {isa = PBXBuildFile; fileRef = B4FD826D1773A3650063B76D /* AppDelegate.m */; };
		B4FD82701773A3650063B76D /* Default.png in Resources */ = {isa = PBXBuildFile; fileRef = B4FD826F1773A3650063B76D /* Default.png */; };
		B4FD82721773A3650063B76D /* Default@2x.png in Resources */ = {isa = PBXBuildFile; fileRef = B4FD82711773A3650063B76D /* Default@2x.png */; };
		B4FD82741773A3650063B76D /* Default-568h@2x.png in Resources */ = {isa = PBXBuildFile; fileRef = B4FD82731773A3650063B76D /* Default-568h@2x.png */; };
		EEAFE36044EE4E67B087496F /* libPods.a in Frameworks */ = {isa = PBXBuildFile; fileRef = 6308F8D6EECD42B98555A874 /* libPods.a */; };
/* End PBXBuildFile section */

/* Begin PBXFileReference section */
		6308F8D6EECD42B98555A874 /* libPods.a */ = {isa = PBXFileReference; explicitFileType = archive.ar; includeInIndex = 0; path = libPods.a; sourceTree = BUILT_PRODUCTS_DIR; };
		7F981F2CE2F24F208D4B2CD4 /* Pods.xcconfig */ = {isa = PBXFileReference; includeInIndex = 1; lastKnownFileType = text.xcconfig; name = Pods.xcconfig; path = Pods/Pods.xcconfig; sourceTree = SOURCE_ROOT; };
		B4B051141773AD3900A97A60 /* MapViewController.h */ = {isa = PBXFileReference; fileEncoding = 4; lastKnownFileType = sourcecode.c.h; name = MapViewController.h; path = Classes/MapViewController.h; sourceTree = "<group>"; };
		B4B051151773AD3900A97A60 /* MapViewController.m */ = {isa = PBXFileReference; fileEncoding = 4; lastKnownFileType = sourcecode.c.objc; name = MapViewController.m; path = Classes/MapViewController.m; sourceTree = "<group>"; };
		B4B051161773AD3900A97A60 /* MapViewController.xib */ = {isa = PBXFileReference; fileEncoding = 4; lastKnownFileType = file.xib; name = MapViewController.xib; path = Classes/MapViewController.xib; sourceTree = "<group>"; };
		B4B051191773AF2B00A97A60 /* LocationManager.h */ = {isa = PBXFileReference; fileEncoding = 4; lastKnownFileType = sourcecode.c.h; path = LocationManager.h; sourceTree = "<group>"; };
		B4B0511A1773AF2B00A97A60 /* LocationManager.m */ = {isa = PBXFileReference; fileEncoding = 4; lastKnownFileType = sourcecode.c.objc; path = LocationManager.m; sourceTree = "<group>"; };
		B4B0511C1773B3AA00A97A60 /* Icon.png */ = {isa = PBXFileReference; lastKnownFileType = image.png; path = Icon.png; sourceTree = "<group>"; };
		B4B0511E1773B3AC00A97A60 /* Icon@2x.png */ = {isa = PBXFileReference; lastKnownFileType = image.png; path = "Icon@2x.png"; sourceTree = "<group>"; };
		B4FD82541773A3650063B76D /* Zenit.app */ = {isa = PBXFileReference; explicitFileType = wrapper.application; includeInIndex = 0; path = Zenit.app; sourceTree = BUILT_PRODUCTS_DIR; };
		B4FD82571773A3650063B76D /* UIKit.framework */ = {isa = PBXFileReference; lastKnownFileType = wrapper.framework; name = UIKit.framework; path = System/Library/Frameworks/UIKit.framework; sourceTree = SDKROOT; };
		B4FD82591773A3650063B76D /* Foundation.framework */ = {isa = PBXFileReference; lastKnownFileType = wrapper.framework; name = Foundation.framework; path = System/Library/Frameworks/Foundation.framework; sourceTree = SDKROOT; };
		B4FD825B1773A3650063B76D /* CoreGraphics.framework */ = {isa = PBXFileReference; lastKnownFileType = wrapper.framework; name = CoreGraphics.framework; path = System/Library/Frameworks/CoreGraphics.framework; sourceTree = SDKROOT; };
		B4FD82611773A3650063B76D /* Zenit-Prefix.pch */ = {isa = PBXFileReference; lastKnownFileType = sourcecode.c.h; path = "Zenit-Prefix.pch"; sourceTree = "<group>"; };
		B4FD82631773A3650063B76D /* ZenitAPIClient.h */ = {isa = PBXFileReference; lastKnownFileType = sourcecode.c.h; name = ZenitAPIClient.h; path = Classes/ZenitAPIClient.h; sourceTree = "<group>"; };
		B4FD82641773A3650063B76D /* ZenitAPIClient.m */ = {isa = PBXFileReference; lastKnownFileType = sourcecode.c.objc; name = ZenitAPIClient.m; path = Classes/ZenitAPIClient.m; sourceTree = "<group>"; };
		B4FD82661773A3650063B76D /* Zenit-Info.plist */ = {isa = PBXFileReference; lastKnownFileType = text.plist.xml; path = "Zenit-Info.plist"; sourceTree = "<group>"; };
		B4FD82681773A3650063B76D /* en */ = {isa = PBXFileReference; lastKnownFileType = text.plist.strings; name = en; path = en.lproj/InfoPlist.strings; sourceTree = "<group>"; };
		B4FD826A1773A3650063B76D /* main.m */ = {isa = PBXFileReference; lastKnownFileType = sourcecode.c.objc; path = main.m; sourceTree = "<group>"; };
		B4FD826C1773A3650063B76D /* AppDelegate.h */ = {isa = PBXFileReference; lastKnownFileType = sourcecode.c.h; path = AppDelegate.h; sourceTree = "<group>"; };
		B4FD826D1773A3650063B76D /* AppDelegate.m */ = {isa = PBXFileReference; lastKnownFileType = sourcecode.c.objc; path = AppDelegate.m; sourceTree = "<group>"; };
		B4FD826F1773A3650063B76D /* Default.png */ = {isa = PBXFileReference; lastKnownFileType = image.png; path = Default.png; sourceTree = "<group>"; };
		B4FD82711773A3650063B76D /* Default@2x.png */ = {isa = PBXFileReference; lastKnownFileType = image.png; path = "Default@2x.png"; sourceTree = "<group>"; };
		B4FD82731773A3650063B76D /* Default-568h@2x.png */ = {isa = PBXFileReference; lastKnownFileType = image.png; path = "Default-568h@2x.png"; sourceTree = "<group>"; };
/* End PBXFileReference section */

/* Begin PBXFrameworksBuildPhase section */
		B4FD82511773A3650063B76D /* Frameworks */ = {
			isa = PBXFrameworksBuildPhase;
			buildActionMask = 2147483647;
			files = (
				B4FD82581773A3650063B76D /* UIKit.framework in Frameworks */,
				B4FD825A1773A3650063B76D /* Foundation.framework in Frameworks */,
				B4FD825C1773A3650063B76D /* CoreGraphics.framework in Frameworks */,
				EEAFE36044EE4E67B087496F /* libPods.a in Frameworks */,
			);
			runOnlyForDeploymentPostprocessing = 0;
		};
/* End PBXFrameworksBuildPhase section */

/* Begin PBXGroup section */
		B4FD824B1773A3650063B76D = {
			isa = PBXGroup;
			children = (
				B4B0511E1773B3AC00A97A60 /* Icon@2x.png */,
				B4B0511C1773B3AA00A97A60 /* Icon.png */,
				B4FD825D1773A3650063B76D /* Zenit */,
				B4FD82561773A3650063B76D /* Frameworks */,
				B4FD82551773A3650063B76D /* Products */,
				7F981F2CE2F24F208D4B2CD4 /* Pods.xcconfig */,
			);
			sourceTree = "<group>";
		};
		B4FD82551773A3650063B76D /* Products */ = {
			isa = PBXGroup;
			children = (
				B4FD82541773A3650063B76D /* Zenit.app */,
			);
			name = Products;
			sourceTree = "<group>";
		};
		B4FD82561773A3650063B76D /* Frameworks */ = {
			isa = PBXGroup;
			children = (
				B4FD82571773A3650063B76D /* UIKit.framework */,
				B4FD82591773A3650063B76D /* Foundation.framework */,
				B4FD825B1773A3650063B76D /* CoreGraphics.framework */,
				6308F8D6EECD42B98555A874 /* libPods.a */,
			);
			name = Frameworks;
			sourceTree = "<group>";
		};
		B4FD825D1773A3650063B76D /* Zenit */ = {
			isa = PBXGroup;
			children = (
				B4FD826C1773A3650063B76D /* AppDelegate.h */,
				B4FD826D1773A3650063B76D /* AppDelegate.m */,
				B4B051141773AD3900A97A60 /* MapViewController.h */,
				B4B051151773AD3900A97A60 /* MapViewController.m */,
				B4B051161773AD3900A97A60 /* MapViewController.xib */,
				B4B051191773AF2B00A97A60 /* LocationManager.h */,
				B4B0511A1773AF2B00A97A60 /* LocationManager.m */,
				B4FD82621773A3650063B76D /* Networking */,
				B4FD82601773A3650063B76D /* Supporting Files */,
			);
			path = Zenit;
			sourceTree = "<group>";
		};
		B4FD82601773A3650063B76D /* Supporting Files */ = {
			isa = PBXGroup;
			children = (
				B4FD82611773A3650063B76D /* Zenit-Prefix.pch */,
				B4FD82661773A3650063B76D /* Zenit-Info.plist */,
				B4FD82671773A3650063B76D /* InfoPlist.strings */,
				B4FD826A1773A3650063B76D /* main.m */,
				B4FD826F1773A3650063B76D /* Default.png */,
				B4FD82711773A3650063B76D /* Default@2x.png */,
				B4FD82731773A3650063B76D /* Default-568h@2x.png */,
			);
			name = "Supporting Files";
			sourceTree = "<group>";
		};
		B4FD82621773A3650063B76D /* Networking */ = {
			isa = PBXGroup;
			children = (
				B4FD82631773A3650063B76D /* ZenitAPIClient.h */,
				B4FD82641773A3650063B76D /* ZenitAPIClient.m */,
			);
			name = Networking;
			sourceTree = "<group>";
		};
/* End PBXGroup section */

/* Begin PBXNativeTarget section */
		B4FD82531773A3650063B76D /* Zenit */ = {
			isa = PBXNativeTarget;
			buildConfigurationList = B4FD82771773A3650063B76D /* Build configuration list for PBXNativeTarget "Zenit" */;
			buildPhases = (
				8F80A0C058F147109F7A7880 /* Check Pods Manifest.lock */,
				B4FD82501773A3650063B76D /* Sources */,
				B4FD82511773A3650063B76D /* Frameworks */,
				B4FD82521773A3650063B76D /* Resources */,
				80626C0DB0B6468EAAF52E90 /* Copy Pods Resources */,
			);
			buildRules = (
			);
			dependencies = (
			);
			name = Zenit;
			productName = Zenit;
			productReference = B4FD82541773A3650063B76D /* Zenit.app */;
			productType = "com.apple.product-type.application";
		};
/* End PBXNativeTarget section */

/* Begin PBXProject section */
		B4FD824C1773A3650063B76D /* Project object */ = {
			isa = PBXProject;
			attributes = {
				LastUpgradeCheck = 0460;
				ORGANIZATIONNAME = "Jens Andersson";
			};
			buildConfigurationList = B4FD824F1773A3650063B76D /* Build configuration list for PBXProject "Zenit" */;
			compatibilityVersion = "Xcode 3.2";
			developmentRegion = English;
			hasScannedForEncodings = 0;
			knownRegions = (
				en,
			);
			mainGroup = B4FD824B1773A3650063B76D;
			productRefGroup = B4FD82551773A3650063B76D /* Products */;
			projectDirPath = "";
			projectRoot = "";
			targets = (
				B4FD82531773A3650063B76D /* Zenit */,
			);
		};
/* End PBXProject section */

/* Begin PBXResourcesBuildPhase section */
		B4FD82521773A3650063B76D /* Resources */ = {
			isa = PBXResourcesBuildPhase;
			buildActionMask = 2147483647;
			files = (
				B4FD82691773A3650063B76D /* InfoPlist.strings in Resources */,
				B4FD82701773A3650063B76D /* Default.png in Resources */,
				B4FD82721773A3650063B76D /* Default@2x.png in Resources */,
				B4FD82741773A3650063B76D /* Default-568h@2x.png in Resources */,
				B4B051181773AD3900A97A60 /* MapViewController.xib in Resources */,
				B4B0511D1773B3AA00A97A60 /* Icon.png in Resources */,
				B4B0511F1773B3AC00A97A60 /* Icon@2x.png in Resources */,
			);
			runOnlyForDeploymentPostprocessing = 0;
		};
/* End PBXResourcesBuildPhase section */

/* Begin PBXShellScriptBuildPhase section */
		80626C0DB0B6468EAAF52E90 /* Copy Pods Resources */ = {
			isa = PBXShellScriptBuildPhase;
			buildActionMask = 2147483647;
			files = (
			);
			inputPaths = (
			);
			name = "Copy Pods Resources";
			outputPaths = (
			);
			runOnlyForDeploymentPostprocessing = 0;
			shellPath = /bin/sh;
			shellScript = "\"${SRCROOT}/Pods/Pods-resources.sh\"\n";
		};
		8F80A0C058F147109F7A7880 /* Check Pods Manifest.lock */ = {
			isa = PBXShellScriptBuildPhase;
			buildActionMask = 2147483647;
			files = (
			);
			inputPaths = (
			);
			name = "Check Pods Manifest.lock";
			outputPaths = (
			);
			runOnlyForDeploymentPostprocessing = 0;
			shellPath = /bin/sh;
			shellScript = "diff \"${PODS_ROOT}/../Podfile.lock\" \"${PODS_ROOT}/Manifest.lock\" > /dev/null\nif [[ $? != 0 ]] ; then\n    cat << EOM\nerror: The sandbox is not in sync with the Podfile.lock. Run 'pod install' or update your CocoaPods installation.\nEOM\n    exit 1\nfi\n";
		};
/* End PBXShellScriptBuildPhase section */

/* Begin PBXSourcesBuildPhase section */
		B4FD82501773A3650063B76D /* Sources */ = {
			isa = PBXSourcesBuildPhase;
			buildActionMask = 2147483647;
			files = (
				B4FD82651773A3650063B76D /* ZenitAPIClient.m in Sources */,
				B4FD826B1773A3650063B76D /* main.m in Sources */,
				B4FD826E1773A3650063B76D /* AppDelegate.m in Sources */,
				B4B051171773AD3900A97A60 /* MapViewController.m in Sources */,
				B4B0511B1773AF2B00A97A60 /* LocationManager.m in Sources */,
			);
			runOnlyForDeploymentPostprocessing = 0;
		};
/* End PBXSourcesBuildPhase section */

/* Begin PBXVariantGroup section */
		B4FD82671773A3650063B76D /* InfoPlist.strings */ = {
			isa = PBXVariantGroup;
			children = (
				B4FD82681773A3650063B76D /* en */,
			);
			name = InfoPlist.strings;
			sourceTree = "<group>";
		};
/* End PBXVariantGroup section */

/* Begin XCBuildConfiguration section */
		B4FD82751773A3650063B76D /* Debug */ = {
			isa = XCBuildConfiguration;
			buildSettings = {
				ALWAYS_SEARCH_USER_PATHS = NO;
				CLANG_CXX_LANGUAGE_STANDARD = "gnu++0x";
				CLANG_CXX_LIBRARY = "libc++";
				CLANG_ENABLE_OBJC_ARC = YES;
				CLANG_WARN_CONSTANT_CONVERSION = YES;
				CLANG_WARN_EMPTY_BODY = YES;
				CLANG_WARN_ENUM_CONVERSION = YES;
				CLANG_WARN_INT_CONVERSION = YES;
				CLANG_WARN__DUPLICATE_METHOD_MATCH = YES;
				"CODE_SIGN_IDENTITY[sdk=iphoneos*]" = "iPhone Developer";
				COPY_PHASE_STRIP = NO;
				GCC_C_LANGUAGE_STANDARD = gnu99;
				GCC_DYNAMIC_NO_PIC = NO;
				GCC_OPTIMIZATION_LEVEL = 0;
				GCC_PREPROCESSOR_DEFINITIONS = (
					"DEBUG=1",
					"$(inherited)",
				);
				GCC_SYMBOLS_PRIVATE_EXTERN = NO;
				GCC_WARN_ABOUT_RETURN_TYPE = YES;
				GCC_WARN_UNINITIALIZED_AUTOS = YES;
				GCC_WARN_UNUSED_VARIABLE = YES;
				IPHONEOS_DEPLOYMENT_TARGET = 6.1;
				ONLY_ACTIVE_ARCH = YES;
				SDKROOT = iphoneos;
			};
			name = Debug;
		};
		B4FD82761773A3650063B76D /* Release */ = {
			isa = XCBuildConfiguration;
			buildSettings = {
				ALWAYS_SEARCH_USER_PATHS = NO;
				CLANG_CXX_LANGUAGE_STANDARD = "gnu++0x";
				CLANG_CXX_LIBRARY = "libc++";
				CLANG_ENABLE_OBJC_ARC = YES;
				CLANG_WARN_CONSTANT_CONVERSION = YES;
				CLANG_WARN_EMPTY_BODY = YES;
				CLANG_WARN_ENUM_CONVERSION = YES;
				CLANG_WARN_INT_CONVERSION = YES;
				CLANG_WARN__DUPLICATE_METHOD_MATCH = YES;
				"CODE_SIGN_IDENTITY[sdk=iphoneos*]" = "iPhone Developer";
				COPY_PHASE_STRIP = YES;
				GCC_C_LANGUAGE_STANDARD = gnu99;
				GCC_WARN_ABOUT_RETURN_TYPE = YES;
				GCC_WARN_UNINITIALIZED_AUTOS = YES;
				GCC_WARN_UNUSED_VARIABLE = YES;
				IPHONEOS_DEPLOYMENT_TARGET = 6.1;
				OTHER_CFLAGS = "-DNS_BLOCK_ASSERTIONS=1";
				SDKROOT = iphoneos;
				VALIDATE_PRODUCT = YES;
			};
			name = Release;
		};
		B4FD82781773A3650063B76D /* Debug */ = {
			isa = XCBuildConfiguration;
			baseConfigurationReference = 7F981F2CE2F24F208D4B2CD4 /* Pods.xcconfig */;
			buildSettings = {
				GCC_PRECOMPILE_PREFIX_HEADER = YES;
				GCC_PREFIX_HEADER = "Zenit/Zenit-Prefix.pch";
				INFOPLIST_FILE = "Zenit/Zenit-Info.plist";
				IPHONEOS_DEPLOYMENT_TARGET = 5.1;
				PRODUCT_NAME = "$(TARGET_NAME)";
				VALID_ARCHS = armv7;
				WRAPPER_EXTENSION = app;
			};
			name = Debug;
		};
		B4FD82791773A3650063B76D /* Release */ = {
			isa = XCBuildConfiguration;
			baseConfigurationReference = 7F981F2CE2F24F208D4B2CD4 /* Pods.xcconfig */;
			buildSettings = {
				GCC_PRECOMPILE_PREFIX_HEADER = YES;
				GCC_PREFIX_HEADER = "Zenit/Zenit-Prefix.pch";
				INFOPLIST_FILE = "Zenit/Zenit-Info.plist";
				IPHONEOS_DEPLOYMENT_TARGET = 5.1;
				PRODUCT_NAME = "$(TARGET_NAME)";
				VALID_ARCHS = armv7;
				WRAPPER_EXTENSION = app;
			};
			name = Release;
		};
/* End XCBuildConfiguration section */

/* Begin XCConfigurationList section */
		B4FD824F1773A3650063B76D /* Build configuration list for PBXProject "Zenit" */ = {
			isa = XCConfigurationList;
			buildConfigurations = (
				B4FD82751773A3650063B76D /* Debug */,
				B4FD82761773A3650063B76D /* Release */,
			);
			defaultConfigurationIsVisible = 0;
			defaultConfigurationName = Release;
		};
		B4FD82771773A3650063B76D /* Build configuration list for PBXNativeTarget "Zenit" */ = {
			isa = XCConfigurationList;
			buildConfigurations = (
				B4FD82781773A3650063B76D /* Debug */,
				B4FD82791773A3650063B76D /* Release */,
			);
			defaultConfigurationIsVisible = 0;
			defaultConfigurationName = Release;
		};
/* End XCConfigurationList section */
	};
	rootObject = B4FD824C1773A3650063B76D /* Project object */;
}
